
Microsoft Visual Studio Solution File, Format Version 12.00
# Visual Studio Version 16
VisualStudioVersion = 16.0.29215.179
MinimumVisualStudioVersion = 10.0.40219.1
Project("{FAE04EC0-301F-11D3-BF4B-00C04F79EFBC}") = "Lab4", "Lab4.csproj", "{1A404541-E06B-4D4B-A696-669ED138B338}"
EndProject
Global
	GlobalSection(SolutionConfigurationPlatforms) = preSolution
		Debug|Any CPU = Debug|Any CPU
		Release|Any CPU = Release|Any CPU
	EndGlobalSection
	GlobalSection(ProjectConfigurationPlatforms) = postSolution
		{1A404541-E06B-4D4B-A696-669ED138B338}.Debug|Any CPU.ActiveCfg = Debug|Any CPU
		{1A404541-E06B-4D4B-A696-669ED138B338}.Debug|Any CPU.Build.0 = Debug|Any CPU
		{1A404541-E06B-4D4B-A696-669ED138B338}.Release|Any CPU.ActiveCfg = Release|Any CPU
		{1A404541-E06B-4D4B-A696-669ED138B338}.Release|Any CPU.Build.0 = Release|Any CPU
	EndGlobalSection
	GlobalSection(SolutionProperties) = preSolution
		HideSolutionNode = FALSE
	EndGlobalSection
	GlobalSection(ExtensibilityGlobals) = postSolution
		SolutionGuid = {AE031EB7-8A75-4972-AB7F-7352775EB7EA}
	EndGlobalSection
EndGlobal
